{
  "originHash" : "50b00f4468ac9f977280b3fb02286959518f2e45e0e1e0a979de655945556d19",
  "pins" : [
    {
      "identity" : "motion",
      "kind" : "remoteSourceControl",
      "location" : "https://github.com/b3ll/Motion",
      "state" : {
        "branch" : "main",
        "revision" : "533e148d5f239cbdc5ad6b91b7c32b94bc005981"
      }
    },
    {
      "identity" : "swift-numerics",
      "kind" : "remoteSourceControl",
      "location" : "https://github.com/apple/swift-numerics",
      "state" : {
        "revision" : "0a5bc04095a675662cf24757cc0640aa2204253b",
        "version" : "1.0.2"
      }
    }
  ],
  "version" : 3
}
